{
  "pins" : [
    {
      "identity" : "http-request",
      "kind" : "remoteSourceControl",
      "location" : "https://github.com/tomislaveric/http-request.git",
      "state" : {
        "branch" : "main",
        "revision" : "a6fa794b6ebbc63edf0d1a69edb2928510a4bb0b"
      }
    }
  ],
  "version" : 2
}
