{
  "pins" : [
    {
      "identity" : "http-request",
      "kind" : "remoteSourceControl",
      "location" : "https://github.com/tomislaveric/http-request.git",
      "state" : {
        "branch" : "main",
        "revision" : "c5cd53b86fbd0c4bff5b99a9ebadd5d3429f4d55"
      }
    }
  ],
  "version" : 2
}
