{
  "pins" : [
    {
      "identity" : "http-request",
      "kind" : "remoteSourceControl",
      "location" : "https://github.com/tomislaveric/http-request.git",
      "state" : {
        "branch" : "main",
        "revision" : "343b0a36b2822aaa5f23181ada11ecfdfcd0322b"
      }
    }
  ],
  "version" : 2
}
